
Microsoft Visual Studio Solution File, Format Version 12.00
# Visual Studio Version 16
VisualStudioVersion = 16.0.32413.511
MinimumVisualStudioVersion = 10.0.40219.1
Project("{8BC9CEB8-8B4A-11D0-8D11-00A0C91BC942}") = "220502Project", "220502Project.vcxproj", "{C6327B43-8E23-4388-93F2-D014A2E870C3}"
EndProject
Global
	GlobalSection(SolutionConfigurationPlatforms) = preSolution
		Debug|x64 = Debug|x64
		Debug|x86 = Debug|x86
		Release|x64 = Release|x64
		Release|x86 = Release|x86
	EndGlobalSection
	GlobalSection(ProjectConfigurationPlatforms) = postSolution
		{C6327B43-8E23-4388-93F2-D014A2E870C3}.Debug|x64.ActiveCfg = Debug|x64
		{C6327B43-8E23-4388-93F2-D014A2E870C3}.Debug|x64.Build.0 = Debug|x64
		{C6327B43-8E23-4388-93F2-D014A2E870C3}.Debug|x86.ActiveCfg = Debug|Win32
		{C6327B43-8E23-4388-93F2-D014A2E870C3}.Debug|x86.Build.0 = Debug|Win32
		{C6327B43-8E23-4388-93F2-D014A2E870C3}.Release|x64.ActiveCfg = Release|x64
		{C6327B43-8E23-4388-93F2-D014A2E870C3}.Release|x64.Build.0 = Release|x64
		{C6327B43-8E23-4388-93F2-D014A2E870C3}.Release|x86.ActiveCfg = Release|Win32
		{C6327B43-8E23-4388-93F2-D014A2E870C3}.Release|x86.Build.0 = Release|Win32
	EndGlobalSection
	GlobalSection(SolutionProperties) = preSolution
		HideSolutionNode = FALSE
	EndGlobalSection
	GlobalSection(ExtensibilityGlobals) = postSolution
		SolutionGuid = {2B9317C0-F051-413C-B7D8-E22EB97B21D9}
	EndGlobalSection
EndGlobal
